// !$*UTF8*$!
{
	archiveVersion = 1;
	classes = {
	};
	objectVersion = 56;
	objects = {

/* Begin PBXBuildFile section */
		C006606329A70BE9004CBF56 /* NetworkConstant.swift in Sources */ = {isa = PBXBuildFile; fileRef = C006606229A70BE9004CBF56 /* NetworkConstant.swift */; };
		C006606529A70D1C004CBF56 /* MealModel.swift in Sources */ = {isa = PBXBuildFile; fileRef = C006606429A70D1C004CBF56 /* MealModel.swift */; };
		C006606729A70F2F004CBF56 /* RecipeModel.swift in Sources */ = {isa = PBXBuildFile; fileRef = C006606629A70F2F004CBF56 /* RecipeModel.swift */; };
		C006606929A70FF6004CBF56 /* MealListViewModel.swift in Sources */ = {isa = PBXBuildFile; fileRef = C006606829A70FF6004CBF56 /* MealListViewModel.swift */; };
		C006606B29A71D7F004CBF56 /* MealCellViewModel.swift in Sources */ = {isa = PBXBuildFile; fileRef = C006606A29A71D7F004CBF56 /* MealCellViewModel.swift */; };
		C006606E29A72222004CBF56 /* SDWebImage in Frameworks */ = {isa = PBXBuildFile; productRef = C006606D29A72222004CBF56 /* SDWebImage */; };
		C006607029A72476004CBF56 /* RecipeViewModel.swift in Sources */ = {isa = PBXBuildFile; fileRef = C006606F29A72476004CBF56 /* RecipeViewModel.swift */; };
		C04566BF29A6991A00E3D2E4 /* MealList.swift in Sources */ = {isa = PBXBuildFile; fileRef = C04566BD29A6991A00E3D2E4 /* MealList.swift */; };
		C04566C029A6991A00E3D2E4 /* MealList.xib in Resources */ = {isa = PBXBuildFile; fileRef = C04566BE29A6991A00E3D2E4 /* MealList.xib */; };
		C04566C929A69B4000E3D2E4 /* MealCell.swift in Sources */ = {isa = PBXBuildFile; fileRef = C04566C729A69B4000E3D2E4 /* MealCell.swift */; };
		C04566CA29A69B4000E3D2E4 /* MealCell.xib in Resources */ = {isa = PBXBuildFile; fileRef = C04566C829A69B4000E3D2E4 /* MealCell.xib */; };
		C04566CC29A69E2E00E3D2E4 /* UIViewExtension.swift in Sources */ = {isa = PBXBuildFile; fileRef = C04566CB29A69E2E00E3D2E4 /* UIViewExtension.swift */; };
		C04566D029A69F7500E3D2E4 /* Recipe.swift in Sources */ = {isa = PBXBuildFile; fileRef = C04566CE29A69F7500E3D2E4 /* Recipe.swift */; };
		C04566D129A69F7500E3D2E4 /* Recipe.xib in Resources */ = {isa = PBXBuildFile; fileRef = C04566CF29A69F7500E3D2E4 /* Recipe.xib */; };
		C04DFBA129A67FA6001E43B4 /* AppDelegate.swift in Sources */ = {isa = PBXBuildFile; fileRef = C04DFBA029A67FA6001E43B4 /* AppDelegate.swift */; };
		C04DFBAA29A67FA7001E43B4 /* Assets.xcassets in Resources */ = {isa = PBXBuildFile; fileRef = C04DFBA929A67FA7001E43B4 /* Assets.xcassets */; };
		C04DFBAD29A67FA7001E43B4 /* LaunchScreen.storyboard in Resources */ = {isa = PBXBuildFile; fileRef = C04DFBAB29A67FA7001E43B4 /* LaunchScreen.storyboard */; };
/* End PBXBuildFile section */

/* Begin PBXFileReference section */
		C006606229A70BE9004CBF56 /* NetworkConstant.swift */ = {isa = PBXFileReference; lastKnownFileType = sourcecode.swift; path = NetworkConstant.swift; sourceTree = "<group>"; };
		C006606429A70D1C004CBF56 /* MealModel.swift */ = {isa = PBXFileReference; lastKnownFileType = sourcecode.swift; path = MealModel.swift; sourceTree = "<group>"; };
		C006606629A70F2F004CBF56 /* RecipeModel.swift */ = {isa = PBXFileReference; lastKnownFileType = sourcecode.swift; path = RecipeModel.swift; sourceTree = "<group>"; };
		C006606829A70FF6004CBF56 /* MealListViewModel.swift */ = {isa = PBXFileReference; lastKnownFileType = sourcecode.swift; path = MealListViewModel.swift; sourceTree = "<group>"; };
		C006606A29A71D7F004CBF56 /* MealCellViewModel.swift */ = {isa = PBXFileReference; lastKnownFileType = sourcecode.swift; path = MealCellViewModel.swift; sourceTree = "<group>"; };
		C006606F29A72476004CBF56 /* RecipeViewModel.swift */ = {isa = PBXFileReference; lastKnownFileType = sourcecode.swift; path = RecipeViewModel.swift; sourceTree = "<group>"; };
		C04566BD29A6991A00E3D2E4 /* MealList.swift */ = {isa = PBXFileReference; lastKnownFileType = sourcecode.swift; path = MealList.swift; sourceTree = "<group>"; };
		C04566BE29A6991A00E3D2E4 /* MealList.xib */ = {isa = PBXFileReference; lastKnownFileType = file.xib; path = MealList.xib; sourceTree = "<group>"; };
		C04566C729A69B4000E3D2E4 /* MealCell.swift */ = {isa = PBXFileReference; lastKnownFileType = sourcecode.swift; path = MealCell.swift; sourceTree = "<group>"; };
		C04566C829A69B4000E3D2E4 /* MealCell.xib */ = {isa = PBXFileReference; lastKnownFileType = file.xib; path = MealCell.xib; sourceTree = "<group>"; };
		C04566CB29A69E2E00E3D2E4 /* UIViewExtension.swift */ = {isa = PBXFileReference; lastKnownFileType = sourcecode.swift; path = UIViewExtension.swift; sourceTree = "<group>"; };
		C04566CE29A69F7500E3D2E4 /* Recipe.swift */ = {isa = PBXFileReference; lastKnownFileType = sourcecode.swift; path = Recipe.swift; sourceTree = "<group>"; };
		C04566CF29A69F7500E3D2E4 /* Recipe.xib */ = {isa = PBXFileReference; lastKnownFileType = file.xib; path = Recipe.xib; sourceTree = "<group>"; };
		C04DFB9D29A67FA6001E43B4 /* Seafood Recipes MVVM.app */ = {isa = PBXFileReference; explicitFileType = wrapper.application; includeInIndex = 0; path = "Seafood Recipes MVVM.app"; sourceTree = BUILT_PRODUCTS_DIR; };
		C04DFBA029A67FA6001E43B4 /* AppDelegate.swift */ = {isa = PBXFileReference; lastKnownFileType = sourcecode.swift; path = AppDelegate.swift; sourceTree = "<group>"; };
		C04DFBA929A67FA7001E43B4 /* Assets.xcassets */ = {isa = PBXFileReference; lastKnownFileType = folder.assetcatalog; path = Assets.xcassets; sourceTree = "<group>"; };
		C04DFBAC29A67FA7001E43B4 /* Base */ = {isa = PBXFileReference; lastKnownFileType = file.storyboard; name = Base; path = Base.lproj/LaunchScreen.storyboard; sourceTree = "<group>"; };
		C04DFBAE29A67FA7001E43B4 /* Info.plist */ = {isa = PBXFileReference; lastKnownFileType = text.plist.xml; path = Info.plist; sourceTree = "<group>"; };
/* End PBXFileReference section */

/* Begin PBXFrameworksBuildPhase section */
		C04DFB9A29A67FA6001E43B4 /* Frameworks */ = {
			isa = PBXFrameworksBuildPhase;
			buildActionMask = 2147483647;
			files = (
				C006606E29A72222004CBF56 /* SDWebImage in Frameworks */,
			);
			runOnlyForDeploymentPostprocessing = 0;
		};
/* End PBXFrameworksBuildPhase section */

/* Begin PBXGroup section */
		C04566BC29A698FE00E3D2E4 /* MealList */ = {
			isa = PBXGroup;
			children = (
				C04566BD29A6991A00E3D2E4 /* MealList.swift */,
				C04566BE29A6991A00E3D2E4 /* MealList.xib */,
			);
			path = MealList;
			sourceTree = "<group>";
		};
		C04566C629A69B1100E3D2E4 /* MeallCell */ = {
			isa = PBXGroup;
			children = (
				C04566C729A69B4000E3D2E4 /* MealCell.swift */,
				C04566C829A69B4000E3D2E4 /* MealCell.xib */,
			);
			path = MeallCell;
			sourceTree = "<group>";
		};
		C04566CD29A69F3100E3D2E4 /* Recipe */ = {
			isa = PBXGroup;
			children = (
				C04566CE29A69F7500E3D2E4 /* Recipe.swift */,
				C04566CF29A69F7500E3D2E4 /* Recipe.xib */,
			);
			path = Recipe;
			sourceTree = "<group>";
		};
		C04DFB9429A67FA6001E43B4 = {
			isa = PBXGroup;
			children = (
				C04DFB9F29A67FA6001E43B4 /* Seafood Recipes MVVM */,
				C04DFB9E29A67FA6001E43B4 /* Products */,
			);
			sourceTree = "<group>";
		};
		C04DFB9E29A67FA6001E43B4 /* Products */ = {
			isa = PBXGroup;
			children = (
				C04DFB9D29A67FA6001E43B4 /* Seafood Recipes MVVM.app */,
			);
			name = Products;
			sourceTree = "<group>";
		};
		C04DFB9F29A67FA6001E43B4 /* Seafood Recipes MVVM */ = {
			isa = PBXGroup;
			children = (
				C04DFBB929A68125001E43B4 /* Models */,
				C04DFBBB29A68153001E43B4 /* ViewModels */,
				C04DFBBC29A681B3001E43B4 /* Views */,
				C04DFBB829A680FF001E43B4 /* Classes */,
				C04DFBB729A680F0001E43B4 /* Resources */,
				C04DFBB429A6809C001E43B4 /* NetworkService */,
				C04DFBB629A680E0001E43B4 /* Extensions */,
				C04DFBA029A67FA6001E43B4 /* AppDelegate.swift */,
				C04DFBA929A67FA7001E43B4 /* Assets.xcassets */,
				C04DFBAB29A67FA7001E43B4 /* LaunchScreen.storyboard */,
				C04DFBAE29A67FA7001E43B4 /* Info.plist */,
			);
			path = "Seafood Recipes MVVM";
			sourceTree = "<group>";
		};
		C04DFBB429A6809C001E43B4 /* NetworkService */ = {
			isa = PBXGroup;
			children = (
				C006606229A70BE9004CBF56 /* NetworkConstant.swift */,
			);
			path = NetworkService;
			sourceTree = "<group>";
		};
		C04DFBB629A680E0001E43B4 /* Extensions */ = {
			isa = PBXGroup;
			children = (
				C04566CB29A69E2E00E3D2E4 /* UIViewExtension.swift */,
			);
			path = Extensions;
			sourceTree = "<group>";
		};
		C04DFBB729A680F0001E43B4 /* Resources */ = {
			isa = PBXGroup;
			children = (
			);
			path = Resources;
			sourceTree = "<group>";
		};
		C04DFBB829A680FF001E43B4 /* Classes */ = {
			isa = PBXGroup;
			children = (
			);
			path = Classes;
			sourceTree = "<group>";
		};
		C04DFBB929A68125001E43B4 /* Models */ = {
			isa = PBXGroup;
			children = (
				C006606429A70D1C004CBF56 /* MealModel.swift */,
				C006606629A70F2F004CBF56 /* RecipeModel.swift */,
			);
			path = Models;
			sourceTree = "<group>";
		};
		C04DFBBB29A68153001E43B4 /* ViewModels */ = {
			isa = PBXGroup;
			children = (
				C006606829A70FF6004CBF56 /* MealListViewModel.swift */,
				C006606A29A71D7F004CBF56 /* MealCellViewModel.swift */,
				C006606F29A72476004CBF56 /* RecipeViewModel.swift */,
			);
			path = ViewModels;
			sourceTree = "<group>";
		};
		C04DFBBC29A681B3001E43B4 /* Views */ = {
			isa = PBXGroup;
			children = (
				C04566BC29A698FE00E3D2E4 /* MealList */,
				C04566C629A69B1100E3D2E4 /* MeallCell */,
				C04566CD29A69F3100E3D2E4 /* Recipe */,
			);
			path = Views;
			sourceTree = "<group>";
		};
/* End PBXGroup section */

/* Begin PBXNativeTarget section */
		C04DFB9C29A67FA6001E43B4 /* Seafood Recipes MVVM */ = {
			isa = PBXNativeTarget;
			buildConfigurationList = C04DFBB129A67FA7001E43B4 /* Build configuration list for PBXNativeTarget "Seafood Recipes MVVM" */;
			buildPhases = (
				C04DFB9929A67FA6001E43B4 /* Sources */,
				C04DFB9A29A67FA6001E43B4 /* Frameworks */,
				C04DFB9B29A67FA6001E43B4 /* Resources */,
			);
			buildRules = (
			);
			dependencies = (
			);
			name = "Seafood Recipes MVVM";
			packageProductDependencies = (
				C006606D29A72222004CBF56 /* SDWebImage */,
			);
			productName = "Seafood Recipes MVVM";
			productReference = C04DFB9D29A67FA6001E43B4 /* Seafood Recipes MVVM.app */;
			productType = "com.apple.product-type.application";
		};
/* End PBXNativeTarget section */

/* Begin PBXProject section */
		C04DFB9529A67FA6001E43B4 /* Project object */ = {
			isa = PBXProject;
			attributes = {
				BuildIndependentTargetsInParallel = 1;
				LastSwiftUpdateCheck = 1420;
				LastUpgradeCheck = 1420;
				TargetAttributes = {
					C04DFB9C29A67FA6001E43B4 = {
						CreatedOnToolsVersion = 14.2;
					};
				};
			};
			buildConfigurationList = C04DFB9829A67FA6001E43B4 /* Build configuration list for PBXProject "Seafood Recipes MVVM" */;
			compatibilityVersion = "Xcode 14.0";
			developmentRegion = en;
			hasScannedForEncodings = 0;
			knownRegions = (
				en,
				Base,
			);
			mainGroup = C04DFB9429A67FA6001E43B4;
			packageReferences = (
				C006606C29A72222004CBF56 /* XCRemoteSwiftPackageReference "SDWebImage" */,
			);
			productRefGroup = C04DFB9E29A67FA6001E43B4 /* Products */;
			projectDirPath = "";
			projectRoot = "";
			targets = (
				C04DFB9C29A67FA6001E43B4 /* Seafood Recipes MVVM */,
			);
		};
/* End PBXProject section */

/* Begin PBXResourcesBuildPhase section */
		C04DFB9B29A67FA6001E43B4 /* Resources */ = {
			isa = PBXResourcesBuildPhase;
			buildActionMask = 2147483647;
			files = (
				C04566CA29A69B4000E3D2E4 /* MealCell.xib in Resources */,
				C04DFBAD29A67FA7001E43B4 /* LaunchScreen.storyboard in Resources */,
				C04566C029A6991A00E3D2E4 /* MealList.xib in Resources */,
				C04566D129A69F7500E3D2E4 /* Recipe.xib in Resources */,
				C04DFBAA29A67FA7001E43B4 /* Assets.xcassets in Resources */,
			);
			runOnlyForDeploymentPostprocessing = 0;
		};
/* End PBXResourcesBuildPhase section */

/* Begin PBXSourcesBuildPhase section */
		C04DFB9929A67FA6001E43B4 /* Sources */ = {
			isa = PBXSourcesBuildPhase;
			buildActionMask = 2147483647;
			files = (
				C006606529A70D1C004CBF56 /* MealModel.swift in Sources */,
				C006606B29A71D7F004CBF56 /* MealCellViewModel.swift in Sources */,
				C04566C929A69B4000E3D2E4 /* MealCell.swift in Sources */,
				C04566BF29A6991A00E3D2E4 /* MealList.swift in Sources */,
				C04566CC29A69E2E00E3D2E4 /* UIViewExtension.swift in Sources */,
				C04DFBA129A67FA6001E43B4 /* AppDelegate.swift in Sources */,
				C006606729A70F2F004CBF56 /* RecipeModel.swift in Sources */,
				C006607029A72476004CBF56 /* RecipeViewModel.swift in Sources */,
				C006606329A70BE9004CBF56 /* NetworkConstant.swift in Sources */,
				C04566D029A69F7500E3D2E4 /* Recipe.swift in Sources */,
				C006606929A70FF6004CBF56 /* MealListViewModel.swift in Sources */,
			);
			runOnlyForDeploymentPostprocessing = 0;
		};
/* End PBXSourcesBuildPhase section */

/* Begin PBXVariantGroup section */
		C04DFBAB29A67FA7001E43B4 /* LaunchScreen.storyboard */ = {
			isa = PBXVariantGroup;
			children = (
				C04DFBAC29A67FA7001E43B4 /* Base */,
			);
			name = LaunchScreen.storyboard;
			sourceTree = "<group>";
		};
/* End PBXVariantGroup section */

/* Begin XCBuildConfiguration section */
		C04DFBAF29A67FA7001E43B4 /* Debug */ = {
			isa = XCBuildConfiguration;
			buildSettings = {
				ALWAYS_SEARCH_USER_PATHS = NO;
				CLANG_ANALYZER_NONNULL = YES;
				CLANG_ANALYZER_NUMBER_OBJECT_CONVERSION = YES_AGGRESSIVE;
				CLANG_CXX_LANGUAGE_STANDARD = "gnu++20";
				CLANG_ENABLE_MODULES = YES;
				CLANG_ENABLE_OBJC_ARC = YES;
				CLANG_ENABLE_OBJC_WEAK = YES;
				CLANG_WARN_BLOCK_CAPTURE_AUTORELEASING = YES;
				CLANG_WARN_BOOL_CONVERSION = YES;
				CLANG_WARN_COMMA = YES;
				CLANG_WARN_CONSTANT_CONVERSION = YES;
				CLANG_WARN_DEPRECATED_OBJC_IMPLEMENTATIONS = YES;
				CLANG_WARN_DIRECT_OBJC_ISA_USAGE = YES_ERROR;
				CLANG_WARN_DOCUMENTATION_COMMENTS = YES;
				CLANG_WARN_EMPTY_BODY = YES;
				CLANG_WARN_ENUM_CONVERSION = YES;
				CLANG_WARN_INFINITE_RECURSION = YES;
				CLANG_WARN_INT_CONVERSION = YES;
				CLANG_WARN_NON_LITERAL_NULL_CONVERSION = YES;
				CLANG_WARN_OBJC_IMPLICIT_RETAIN_SELF = YES;
				CLANG_WARN_OBJC_LITERAL_CONVERSION = YES;
				CLANG_WARN_OBJC_ROOT_CLASS = YES_ERROR;
				CLANG_WARN_QUOTED_INCLUDE_IN_FRAMEWORK_HEADER = YES;
				CLANG_WARN_RANGE_LOOP_ANALYSIS = YES;
				CLANG_WARN_STRICT_PROTOTYPES = YES;
				CLANG_WARN_SUSPICIOUS_MOVE = YES;
				CLANG_WARN_UNGUARDED_AVAILABILITY = YES_AGGRESSIVE;
				CLANG_WARN_UNREACHABLE_CODE = YES;
				CLANG_WARN__DUPLICATE_METHOD_MATCH = YES;
				COPY_PHASE_STRIP = NO;
				DEBUG_INFORMATION_FORMAT = dwarf;
				ENABLE_STRICT_OBJC_MSGSEND = YES;
				ENABLE_TESTABILITY = YES;
				GCC_C_LANGUAGE_STANDARD = gnu11;
				GCC_DYNAMIC_NO_PIC = NO;
				GCC_NO_COMMON_BLOCKS = YES;
				GCC_OPTIMIZATION_LEVEL = 0;
				GCC_PREPROCESSOR_DEFINITIONS = (
					"DEBUG=1",
					"$(inherited)",
				);
				GCC_WARN_64_TO_32_BIT_CONVERSION = YES;
				GCC_WARN_ABOUT_RETURN_TYPE = YES_ERROR;
				GCC_WARN_UNDECLARED_SELECTOR = YES;
				GCC_WARN_UNINITIALIZED_AUTOS = YES_AGGRESSIVE;
				GCC_WARN_UNUSED_FUNCTION = YES;
				GCC_WARN_UNUSED_VARIABLE = YES;
				IPHONEOS_DEPLOYMENT_TARGET = 16.2;
				MTL_ENABLE_DEBUG_INFO = INCLUDE_SOURCE;
				MTL_FAST_MATH = YES;
				ONLY_ACTIVE_ARCH = YES;
				SDKROOT = iphoneos;
				SWIFT_ACTIVE_COMPILATION_CONDITIONS = DEBUG;
				SWIFT_OPTIMIZATION_LEVEL = "-Onone";
			};
			name = Debug;
		};
		C04DFBB029A67FA7001E43B4 /* Release */ = {
			isa = XCBuildConfiguration;
			buildSettings = {
				ALWAYS_SEARCH_USER_PATHS = NO;
				CLANG_ANALYZER_NONNULL = YES;
				CLANG_ANALYZER_NUMBER_OBJECT_CONVERSION = YES_AGGRESSIVE;
				CLANG_CXX_LANGUAGE_STANDARD = "gnu++20";
				CLANG_ENABLE_MODULES = YES;
				CLANG_ENABLE_OBJC_ARC = YES;
				CLANG_ENABLE_OBJC_WEAK = YES;
				CLANG_WARN_BLOCK_CAPTURE_AUTORELEASING = YES;
				CLANG_WARN_BOOL_CONVERSION = YES;
				CLANG_WARN_COMMA = YES;
				CLANG_WARN_CONSTANT_CONVERSION = YES;
				CLANG_WARN_DEPRECATED_OBJC_IMPLEMENTATIONS = YES;
				CLANG_WARN_DIRECT_OBJC_ISA_USAGE = YES_ERROR;
				CLANG_WARN_DOCUMENTATION_COMMENTS = YES;
				CLANG_WARN_EMPTY_BODY = YES;
				CLANG_WARN_ENUM_CONVERSION = YES;
				CLANG_WARN_INFINITE_RECURSION = YES;
				CLANG_WARN_INT_CONVERSION = YES;
				CLANG_WARN_NON_LITERAL_NULL_CONVERSION = YES;
				CLANG_WARN_OBJC_IMPLICIT_RETAIN_SELF = YES;
				CLANG_WARN_OBJC_LITERAL_CONVERSION = YES;
				CLANG_WARN_OBJC_ROOT_CLASS = YES_ERROR;
				CLANG_WARN_QUOTED_INCLUDE_IN_FRAMEWORK_HEADER = YES;
				CLANG_WARN_RANGE_LOOP_ANALYSIS = YES;
				CLANG_WARN_STRICT_PROTOTYPES = YES;
				CLANG_WARN_SUSPICIOUS_MOVE = YES;
				CLANG_WARN_UNGUARDED_AVAILABILITY = YES_AGGRESSIVE;
				CLANG_WARN_UNREACHABLE_CODE = YES;
				CLANG_WARN__DUPLICATE_METHOD_MATCH = YES;
				COPY_PHASE_STRIP = NO;
				DEBUG_INFORMATION_FORMAT = "dwarf-with-dsym";
				ENABLE_NS_ASSERTIONS = NO;
				ENABLE_STRICT_OBJC_MSGSEND = YES;
				GCC_C_LANGUAGE_STANDARD = gnu11;
				GCC_NO_COMMON_BLOCKS = YES;
				GCC_WARN_64_TO_32_BIT_CONVERSION = YES;
				GCC_WARN_ABOUT_RETURN_TYPE = YES_ERROR;
				GCC_WARN_UNDECLARED_SELECTOR = YES;
				GCC_WARN_UNINITIALIZED_AUTOS = YES_AGGRESSIVE;
				GCC_WARN_UNUSED_FUNCTION = YES;
				GCC_WARN_UNUSED_VARIABLE = YES;
				IPHONEOS_DEPLOYMENT_TARGET = 16.2;
				MTL_ENABLE_DEBUG_INFO = NO;
				MTL_FAST_MATH = YES;
				SDKROOT = iphoneos;
				SWIFT_COMPILATION_MODE = wholemodule;
				SWIFT_OPTIMIZATION_LEVEL = "-O";
				VALIDATE_PRODUCT = YES;
			};
			name = Release;
		};
		C04DFBB229A67FA7001E43B4 /* Debug */ = {
			isa = XCBuildConfiguration;
			buildSettings = {
				ASSETCATALOG_COMPILER_APPICON_NAME = AppIcon;
				ASSETCATALOG_COMPILER_GLOBAL_ACCENT_COLOR_NAME = AccentColor;
				CODE_SIGN_STYLE = Automatic;
				CURRENT_PROJECT_VERSION = 1;
				DEVELOPMENT_TEAM = H3LG7777TR;
				GENERATE_INFOPLIST_FILE = YES;
				INFOPLIST_FILE = "Seafood Recipes MVVM/Info.plist";
				INFOPLIST_KEY_UIApplicationSupportsIndirectInputEvents = YES;
				INFOPLIST_KEY_UILaunchStoryboardName = LaunchScreen;
				INFOPLIST_KEY_UIMainStoryboardFile = "";
				INFOPLIST_KEY_UISupportedInterfaceOrientations_iPad = "UIInterfaceOrientationPortrait UIInterfaceOrientationPortraitUpsideDown UIInterfaceOrientationLandscapeLeft UIInterfaceOrientationLandscapeRight";
				INFOPLIST_KEY_UISupportedInterfaceOrientations_iPhone = "UIInterfaceOrientationPortrait UIInterfaceOrientationLandscapeLeft UIInterfaceOrientationLandscapeRight";
				LD_RUNPATH_SEARCH_PATHS = (
					"$(inherited)",
					"@executable_path/Frameworks",
				);
				MARKETING_VERSION = 1.0;
				PRODUCT_BUNDLE_IDENTIFIER = "com.berksan.Seafood-Recipes-MVVM";
				PRODUCT_NAME = "$(TARGET_NAME)";
				SWIFT_EMIT_LOC_STRINGS = YES;
				SWIFT_VERSION = 5.0;
				TARGETED_DEVICE_FAMILY = "1,2";
			};
			name = Debug;
		};
		C04DFBB329A67FA7001E43B4 /* Release */ = {
			isa = XCBuildConfiguration;
			buildSettings = {
				ASSETCATALOG_COMPILER_APPICON_NAME = AppIcon;
				ASSETCATALOG_COMPILER_GLOBAL_ACCENT_COLOR_NAME = AccentColor;
				CODE_SIGN_STYLE = Automatic;
				CURRENT_PROJECT_VERSION = 1;
				DEVELOPMENT_TEAM = H3LG7777TR;
				GENERATE_INFOPLIST_FILE = YES;
				INFOPLIST_FILE = "Seafood Recipes MVVM/Info.plist";
				INFOPLIST_KEY_UIApplicationSupportsIndirectInputEvents = YES;
				INFOPLIST_KEY_UILaunchStoryboardName = LaunchScreen;
				INFOPLIST_KEY_UIMainStoryboardFile = "";
				INFOPLIST_KEY_UISupportedInterfaceOrientations_iPad = "UIInterfaceOrientationPortrait UIInterfaceOrientationPortraitUpsideDown UIInterfaceOrientationLandscapeLeft UIInterfaceOrientationLandscapeRight";
				INFOPLIST_KEY_UISupportedInterfaceOrientations_iPhone = "UIInterfaceOrientationPortrait UIInterfaceOrientationLandscapeLeft UIInterfaceOrientationLandscapeRight";
				LD_RUNPATH_SEARCH_PATHS = (
					"$(inherited)",
					"@executable_path/Frameworks",
				);
				MARKETING_VERSION = 1.0;
				PRODUCT_BUNDLE_IDENTIFIER = "com.berksan.Seafood-Recipes-MVVM";
				PRODUCT_NAME = "$(TARGET_NAME)";
				SWIFT_EMIT_LOC_STRINGS = YES;
				SWIFT_VERSION = 5.0;
				TARGETED_DEVICE_FAMILY = "1,2";
			};
			name = Release;
		};
/* End XCBuildConfiguration section */

/* Begin XCConfigurationList section */
		C04DFB9829A67FA6001E43B4 /* Build configuration list for PBXProject "Seafood Recipes MVVM" */ = {
			isa = XCConfigurationList;
			buildConfigurations = (
				C04DFBAF29A67FA7001E43B4 /* Debug */,
				C04DFBB029A67FA7001E43B4 /* Release */,
			);
			defaultConfigurationIsVisible = 0;
			defaultConfigurationName = Release;
		};
		C04DFBB129A67FA7001E43B4 /* Build configuration list for PBXNativeTarget "Seafood Recipes MVVM" */ = {
			isa = XCConfigurationList;
			buildConfigurations = (
				C04DFBB229A67FA7001E43B4 /* Debug */,
				C04DFBB329A67FA7001E43B4 /* Release */,
			);
			defaultConfigurationIsVisible = 0;
			defaultConfigurationName = Release;
		};
/* End XCConfigurationList section */

/* Begin XCRemoteSwiftPackageReference section */
		C006606C29A72222004CBF56 /* XCRemoteSwiftPackageReference "SDWebImage" */ = {
			isa = XCRemoteSwiftPackageReference;
			repositoryURL = "https://github.com/SDWebImage/SDWebImage";
			requirement = {
				branch = master;
				kind = branch;
			};
		};
/* End XCRemoteSwiftPackageReference section */

/* Begin XCSwiftPackageProductDependency section */
		C006606D29A72222004CBF56 /* SDWebImage */ = {
			isa = XCSwiftPackageProductDependency;
			package = C006606C29A72222004CBF56 /* XCRemoteSwiftPackageReference "SDWebImage" */;
			productName = SDWebImage;
		};
/* End XCSwiftPackageProductDependency section */
	};
	rootObject = C04DFB9529A67FA6001E43B4 /* Project object */;
}
